
Microsoft Visual Studio Solution File, Format Version 12.00
# Visual Studio 15
VisualStudioVersion = 15.0.28010.2041
MinimumVisualStudioVersion = 10.0.40219.1
Project("{F184B08F-C81C-45F6-A57F-5ABD9991F28F}") = "MayBay", "MayBay\MayBay.vbproj", "{F94FA924-8820-4C56-9330-CF285EE9FC35}"
EndProject
Global
	GlobalSection(SolutionConfigurationPlatforms) = preSolution
		Debug|Any CPU = Debug|Any CPU
		Release|Any CPU = Release|Any CPU
	EndGlobalSection
	GlobalSection(ProjectConfigurationPlatforms) = postSolution
		{F94FA924-8820-4C56-9330-CF285EE9FC35}.Debug|Any CPU.ActiveCfg = Debug|Any CPU
		{F94FA924-8820-4C56-9330-CF285EE9FC35}.Debug|Any CPU.Build.0 = Debug|Any CPU
		{F94FA924-8820-4C56-9330-CF285EE9FC35}.Release|Any CPU.ActiveCfg = Release|Any CPU
		{F94FA924-8820-4C56-9330-CF285EE9FC35}.Release|Any CPU.Build.0 = Release|Any CPU
	EndGlobalSection
	GlobalSection(SolutionProperties) = preSolution
		HideSolutionNode = FALSE
	EndGlobalSection
	GlobalSection(ExtensibilityGlobals) = postSolution
		SolutionGuid = {CEE2CDBC-56A7-48E2-8427-860C89FFB77B}
	EndGlobalSection
EndGlobal
